
Microsoft Visual Studio Solution File, Format Version 12.00
# Visual Studio Version 16
VisualStudioVersion = 16.0.29709.97
MinimumVisualStudioVersion = 10.0.40219.1
Project("{9A19103F-16F7-4668-BE54-9A1E7A4F7556}") = "Damco.Api", "Damco.Api.csproj", "{A6D193AB-F240-4C33-8CE1-390E393A1C21}"
EndProject
Project("{FAE04EC0-301F-11D3-BF4B-00C04F79EFBC}") = "Damco.Domain", "..\Damco.domain\Damco.Domain.csproj", "{67F0114F-D86A-4E96-9064-D5560982A712}"
EndProject
Project("{FAE04EC0-301F-11D3-BF4B-00C04F79EFBC}") = "Damco.Facade", "..\Damco.Facade\Damco.Facade.csproj", "{C83F0AEB-A4A7-43DE-953D-37845857A3D6}"
EndProject
Project("{FAE04EC0-301F-11D3-BF4B-00C04F79EFBC}") = "Damco.Models", "..\Damco.Models\Damco.Models.csproj", "{1707D9CD-EEDC-4376-ADC9-9302D0A7BDA9}"
EndProject
Project("{FAE04EC0-301F-11D3-BF4B-00C04F79EFBC}") = "Damco.Service", "..\Damco.Service\Damco.Service.csproj", "{5EC76BD2-5D2D-468F-B399-966BE8DE63A9}"
EndProject
Global
	GlobalSection(SolutionConfigurationPlatforms) = preSolution
		Debug|Any CPU = Debug|Any CPU
		Release|Any CPU = Release|Any CPU
	EndGlobalSection
	GlobalSection(ProjectConfigurationPlatforms) = postSolution
		{A6D193AB-F240-4C33-8CE1-390E393A1C21}.Debug|Any CPU.ActiveCfg = Debug|Any CPU
		{A6D193AB-F240-4C33-8CE1-390E393A1C21}.Debug|Any CPU.Build.0 = Debug|Any CPU
		{A6D193AB-F240-4C33-8CE1-390E393A1C21}.Release|Any CPU.ActiveCfg = Release|Any CPU
		{A6D193AB-F240-4C33-8CE1-390E393A1C21}.Release|Any CPU.Build.0 = Release|Any CPU
		{67F0114F-D86A-4E96-9064-D5560982A712}.Debug|Any CPU.ActiveCfg = Debug|Any CPU
		{67F0114F-D86A-4E96-9064-D5560982A712}.Debug|Any CPU.Build.0 = Debug|Any CPU
		{67F0114F-D86A-4E96-9064-D5560982A712}.Release|Any CPU.ActiveCfg = Release|Any CPU
		{67F0114F-D86A-4E96-9064-D5560982A712}.Release|Any CPU.Build.0 = Release|Any CPU
		{C83F0AEB-A4A7-43DE-953D-37845857A3D6}.Debug|Any CPU.ActiveCfg = Debug|Any CPU
		{C83F0AEB-A4A7-43DE-953D-37845857A3D6}.Debug|Any CPU.Build.0 = Debug|Any CPU
		{C83F0AEB-A4A7-43DE-953D-37845857A3D6}.Release|Any CPU.ActiveCfg = Release|Any CPU
		{C83F0AEB-A4A7-43DE-953D-37845857A3D6}.Release|Any CPU.Build.0 = Release|Any CPU
		{1707D9CD-EEDC-4376-ADC9-9302D0A7BDA9}.Debug|Any CPU.ActiveCfg = Debug|Any CPU
		{1707D9CD-EEDC-4376-ADC9-9302D0A7BDA9}.Debug|Any CPU.Build.0 = Debug|Any CPU
		{1707D9CD-EEDC-4376-ADC9-9302D0A7BDA9}.Release|Any CPU.ActiveCfg = Release|Any CPU
		{1707D9CD-EEDC-4376-ADC9-9302D0A7BDA9}.Release|Any CPU.Build.0 = Release|Any CPU
		{5EC76BD2-5D2D-468F-B399-966BE8DE63A9}.Debug|Any CPU.ActiveCfg = Debug|Any CPU
		{5EC76BD2-5D2D-468F-B399-966BE8DE63A9}.Debug|Any CPU.Build.0 = Debug|Any CPU
		{5EC76BD2-5D2D-468F-B399-966BE8DE63A9}.Release|Any CPU.ActiveCfg = Release|Any CPU
		{5EC76BD2-5D2D-468F-B399-966BE8DE63A9}.Release|Any CPU.Build.0 = Release|Any CPU
	EndGlobalSection
	GlobalSection(SolutionProperties) = preSolution
		HideSolutionNode = FALSE
	EndGlobalSection
	GlobalSection(ExtensibilityGlobals) = postSolution
		SolutionGuid = {0A1981DF-F8A5-4AE9-BDE6-BBC6849F9582}
	EndGlobalSection
EndGlobal
